
Microsoft Visual Studio Solution File, Format Version 12.00
# Visual Studio 15
VisualStudioVersion = 15.0.28307.1209
MinimumVisualStudioVersion = 10.0.40219.1
Project("{FAE04EC0-301F-11D3-BF4B-00C04F79EFBC}") = "三只小猪", "三只小猪\三只小猪.csproj", "{FB18AF16-786F-4D31-9F2B-14A9B92745A6}"
EndProject
Global
	GlobalSection(SolutionConfigurationPlatforms) = preSolution
		Debug|Any CPU = Debug|Any CPU
		Release|Any CPU = Release|Any CPU
	EndGlobalSection
	GlobalSection(ProjectConfigurationPlatforms) = postSolution
		{FB18AF16-786F-4D31-9F2B-14A9B92745A6}.Debug|Any CPU.ActiveCfg = Debug|Any CPU
		{FB18AF16-786F-4D31-9F2B-14A9B92745A6}.Debug|Any CPU.Build.0 = Debug|Any CPU
		{FB18AF16-786F-4D31-9F2B-14A9B92745A6}.Release|Any CPU.ActiveCfg = Release|Any CPU
		{FB18AF16-786F-4D31-9F2B-14A9B92745A6}.Release|Any CPU.Build.0 = Release|Any CPU
	EndGlobalSection
	GlobalSection(SolutionProperties) = preSolution
		HideSolutionNode = FALSE
	EndGlobalSection
	GlobalSection(ExtensibilityGlobals) = postSolution
		SolutionGuid = {40A358BC-AAF8-4D36-9BBA-AAAD4966A75C}
	EndGlobalSection
EndGlobal
